
Microsoft Visual Studio Solution File, Format Version 12.00
# Visual Studio Version 16
VisualStudioVersion = 16.0.30413.136
MinimumVisualStudioVersion = 10.0.40219.1
Project("{FAE04EC0-301F-11D3-BF4B-00C04F79EFBC}") = "modelo de parcial", "modelo de parcial\modelo de parcial.csproj", "{83473EC6-36B4-46BC-9F2B-76A6B2930A58}"
EndProject
Project("{FAE04EC0-301F-11D3-BF4B-00C04F79EFBC}") = "Entidades", "Mascota\Entidades.csproj", "{2F0758B9-E8DD-4F7D-BE4C-70A69FE28422}"
EndProject
Project("{2150E333-8FDC-42A3-9474-1A3956D46DE8}") = "tp", "tp", "{166D60A5-0B64-4D55-9956-DD4F19F12495}"
EndProject
Project("{FAE04EC0-301F-11D3-BF4B-00C04F79EFBC}") = "TP-02", "..\..\..\Desktop\tp_laboratorio_2\TP-02\TP-02\TP-02.csproj", "{19D443D3-182C-4844-8A63-A4184CDDA8A2}"
EndProject
Project("{FAE04EC0-301F-11D3-BF4B-00C04F79EFBC}") = "Entidades", "..\..\..\Desktop\tp_laboratorio_2\TP-02\Entidades\Entidades.csproj", "{8CF8EFF2-C6B2-44B2-B247-11A4F2ED3CCB}"
EndProject
Global
	GlobalSection(SolutionConfigurationPlatforms) = preSolution
		Debug|Any CPU = Debug|Any CPU
		Release|Any CPU = Release|Any CPU
	EndGlobalSection
	GlobalSection(ProjectConfigurationPlatforms) = postSolution
		{83473EC6-36B4-46BC-9F2B-76A6B2930A58}.Debug|Any CPU.ActiveCfg = Debug|Any CPU
		{83473EC6-36B4-46BC-9F2B-76A6B2930A58}.Debug|Any CPU.Build.0 = Debug|Any CPU
		{83473EC6-36B4-46BC-9F2B-76A6B2930A58}.Release|Any CPU.ActiveCfg = Release|Any CPU
		{83473EC6-36B4-46BC-9F2B-76A6B2930A58}.Release|Any CPU.Build.0 = Release|Any CPU
		{2F0758B9-E8DD-4F7D-BE4C-70A69FE28422}.Debug|Any CPU.ActiveCfg = Debug|Any CPU
		{2F0758B9-E8DD-4F7D-BE4C-70A69FE28422}.Debug|Any CPU.Build.0 = Debug|Any CPU
		{2F0758B9-E8DD-4F7D-BE4C-70A69FE28422}.Release|Any CPU.ActiveCfg = Release|Any CPU
		{2F0758B9-E8DD-4F7D-BE4C-70A69FE28422}.Release|Any CPU.Build.0 = Release|Any CPU
		{19D443D3-182C-4844-8A63-A4184CDDA8A2}.Debug|Any CPU.ActiveCfg = Debug|Any CPU
		{19D443D3-182C-4844-8A63-A4184CDDA8A2}.Debug|Any CPU.Build.0 = Debug|Any CPU
		{19D443D3-182C-4844-8A63-A4184CDDA8A2}.Release|Any CPU.ActiveCfg = Release|Any CPU
		{19D443D3-182C-4844-8A63-A4184CDDA8A2}.Release|Any CPU.Build.0 = Release|Any CPU
		{8CF8EFF2-C6B2-44B2-B247-11A4F2ED3CCB}.Debug|Any CPU.ActiveCfg = Debug|Any CPU
		{8CF8EFF2-C6B2-44B2-B247-11A4F2ED3CCB}.Debug|Any CPU.Build.0 = Debug|Any CPU
		{8CF8EFF2-C6B2-44B2-B247-11A4F2ED3CCB}.Release|Any CPU.ActiveCfg = Release|Any CPU
		{8CF8EFF2-C6B2-44B2-B247-11A4F2ED3CCB}.Release|Any CPU.Build.0 = Release|Any CPU
	EndGlobalSection
	GlobalSection(SolutionProperties) = preSolution
		HideSolutionNode = FALSE
	EndGlobalSection
	GlobalSection(NestedProjects) = preSolution
		{19D443D3-182C-4844-8A63-A4184CDDA8A2} = {166D60A5-0B64-4D55-9956-DD4F19F12495}
		{8CF8EFF2-C6B2-44B2-B247-11A4F2ED3CCB} = {166D60A5-0B64-4D55-9956-DD4F19F12495}
	EndGlobalSection
	GlobalSection(ExtensibilityGlobals) = postSolution
		SolutionGuid = {0C817C1F-E2FF-4527-92E6-7C02A73D0E14}
	EndGlobalSection
EndGlobal
