
Microsoft Visual Studio Solution File, Format Version 12.00
# Visual Studio Version 16
VisualStudioVersion = 16.0.30503.244
MinimumVisualStudioVersion = 10.0.40219.1
Project("{FAE04EC0-301F-11D3-BF4B-00C04F79EFBC}") = "parcial 1 de alumnos", "parcial 1 de alumnos\parcial 1 de alumnos.csproj", "{1FE8368F-F7EA-49C1-A770-C28668BC88DA}"
EndProject
Project("{FAE04EC0-301F-11D3-BF4B-00C04F79EFBC}") = "Entidades", "Entidades\Entidades.csproj", "{0DCE6014-29F1-4E89-B8F2-6A726474F8F8}"
EndProject
Global
	GlobalSection(SolutionConfigurationPlatforms) = preSolution
		Debug|Any CPU = Debug|Any CPU
		Release|Any CPU = Release|Any CPU
	EndGlobalSection
	GlobalSection(ProjectConfigurationPlatforms) = postSolution
		{1FE8368F-F7EA-49C1-A770-C28668BC88DA}.Debug|Any CPU.ActiveCfg = Debug|Any CPU
		{1FE8368F-F7EA-49C1-A770-C28668BC88DA}.Debug|Any CPU.Build.0 = Debug|Any CPU
		{1FE8368F-F7EA-49C1-A770-C28668BC88DA}.Release|Any CPU.ActiveCfg = Release|Any CPU
		{1FE8368F-F7EA-49C1-A770-C28668BC88DA}.Release|Any CPU.Build.0 = Release|Any CPU
		{0DCE6014-29F1-4E89-B8F2-6A726474F8F8}.Debug|Any CPU.ActiveCfg = Debug|Any CPU
		{0DCE6014-29F1-4E89-B8F2-6A726474F8F8}.Debug|Any CPU.Build.0 = Debug|Any CPU
		{0DCE6014-29F1-4E89-B8F2-6A726474F8F8}.Release|Any CPU.ActiveCfg = Release|Any CPU
		{0DCE6014-29F1-4E89-B8F2-6A726474F8F8}.Release|Any CPU.Build.0 = Release|Any CPU
	EndGlobalSection
	GlobalSection(SolutionProperties) = preSolution
		HideSolutionNode = FALSE
	EndGlobalSection
	GlobalSection(ExtensibilityGlobals) = postSolution
		SolutionGuid = {7C3B5ACF-D323-4212-BA00-34B427C3C067}
	EndGlobalSection
EndGlobal
