
Microsoft Visual Studio Solution File, Format Version 12.00
# Visual Studio Version 16
VisualStudioVersion = 16.0.30523.141
MinimumVisualStudioVersion = 10.0.40219.1
Project("{FAE04EC0-301F-11D3-BF4B-00C04F79EFBC}") = "asdasd", "asdasd\asdasd.csproj", "{00556241-F14D-4DF2-92B9-C3CDBAF39453}"
EndProject
Global
	GlobalSection(SolutionConfigurationPlatforms) = preSolution
		Debug|Any CPU = Debug|Any CPU
		Release|Any CPU = Release|Any CPU
	EndGlobalSection
	GlobalSection(ProjectConfigurationPlatforms) = postSolution
		{00556241-F14D-4DF2-92B9-C3CDBAF39453}.Debug|Any CPU.ActiveCfg = Debug|Any CPU
		{00556241-F14D-4DF2-92B9-C3CDBAF39453}.Debug|Any CPU.Build.0 = Debug|Any CPU
		{00556241-F14D-4DF2-92B9-C3CDBAF39453}.Release|Any CPU.ActiveCfg = Release|Any CPU
		{00556241-F14D-4DF2-92B9-C3CDBAF39453}.Release|Any CPU.Build.0 = Release|Any CPU
	EndGlobalSection
	GlobalSection(SolutionProperties) = preSolution
		HideSolutionNode = FALSE
	EndGlobalSection
	GlobalSection(ExtensibilityGlobals) = postSolution
		SolutionGuid = {CC3CD84B-9978-41B6-BC2E-0FC7CCB9F762}
	EndGlobalSection
EndGlobal
