
Microsoft Visual Studio Solution File, Format Version 12.00
# Visual Studio Version 16
VisualStudioVersion = 16.0.30503.244
MinimumVisualStudioVersion = 10.0.40219.1
Project("{FAE04EC0-301F-11D3-BF4B-00C04F79EFBC}") = "parcial 1 de comensales", "parcial 1 de comensales\parcial 1 de comensales.csproj", "{D0B9BC66-6C66-4397-BD38-335A4CCAA2D8}"
EndProject
Project("{FAE04EC0-301F-11D3-BF4B-00C04F79EFBC}") = "Entidades", "Entidades\Entidades.csproj", "{C590F506-D2AD-4BDE-82BF-C7FB24544121}"
EndProject
Global
	GlobalSection(SolutionConfigurationPlatforms) = preSolution
		Debug|Any CPU = Debug|Any CPU
		Release|Any CPU = Release|Any CPU
	EndGlobalSection
	GlobalSection(ProjectConfigurationPlatforms) = postSolution
		{D0B9BC66-6C66-4397-BD38-335A4CCAA2D8}.Debug|Any CPU.ActiveCfg = Debug|Any CPU
		{D0B9BC66-6C66-4397-BD38-335A4CCAA2D8}.Debug|Any CPU.Build.0 = Debug|Any CPU
		{D0B9BC66-6C66-4397-BD38-335A4CCAA2D8}.Release|Any CPU.ActiveCfg = Release|Any CPU
		{D0B9BC66-6C66-4397-BD38-335A4CCAA2D8}.Release|Any CPU.Build.0 = Release|Any CPU
		{C590F506-D2AD-4BDE-82BF-C7FB24544121}.Debug|Any CPU.ActiveCfg = Debug|Any CPU
		{C590F506-D2AD-4BDE-82BF-C7FB24544121}.Debug|Any CPU.Build.0 = Debug|Any CPU
		{C590F506-D2AD-4BDE-82BF-C7FB24544121}.Release|Any CPU.ActiveCfg = Release|Any CPU
		{C590F506-D2AD-4BDE-82BF-C7FB24544121}.Release|Any CPU.Build.0 = Release|Any CPU
	EndGlobalSection
	GlobalSection(SolutionProperties) = preSolution
		HideSolutionNode = FALSE
	EndGlobalSection
	GlobalSection(ExtensibilityGlobals) = postSolution
		SolutionGuid = {78D4745A-81D9-46A3-AFA8-D347E0EFA737}
	EndGlobalSection
EndGlobal
