
Microsoft Visual Studio Solution File, Format Version 12.00
# Visual Studio Version 16
VisualStudioVersion = 16.0.30503.244
MinimumVisualStudioVersion = 10.0.40219.1
Project("{FAE04EC0-301F-11D3-BF4B-00C04F79EFBC}") = "parcial 1 de biblioteca", "parcial 1 de biblioteca\parcial 1 de biblioteca.csproj", "{3BDE3699-76F1-45B5-9CBD-090D27180E8D}"
EndProject
Project("{FAE04EC0-301F-11D3-BF4B-00C04F79EFBC}") = "Entidades", "Entidades\Entidades.csproj", "{FB385E05-A37E-4E11-9BB3-0F67662BE124}"
EndProject
Global
	GlobalSection(SolutionConfigurationPlatforms) = preSolution
		Debug|Any CPU = Debug|Any CPU
		Release|Any CPU = Release|Any CPU
	EndGlobalSection
	GlobalSection(ProjectConfigurationPlatforms) = postSolution
		{3BDE3699-76F1-45B5-9CBD-090D27180E8D}.Debug|Any CPU.ActiveCfg = Debug|Any CPU
		{3BDE3699-76F1-45B5-9CBD-090D27180E8D}.Debug|Any CPU.Build.0 = Debug|Any CPU
		{3BDE3699-76F1-45B5-9CBD-090D27180E8D}.Release|Any CPU.ActiveCfg = Release|Any CPU
		{3BDE3699-76F1-45B5-9CBD-090D27180E8D}.Release|Any CPU.Build.0 = Release|Any CPU
		{FB385E05-A37E-4E11-9BB3-0F67662BE124}.Debug|Any CPU.ActiveCfg = Debug|Any CPU
		{FB385E05-A37E-4E11-9BB3-0F67662BE124}.Debug|Any CPU.Build.0 = Debug|Any CPU
		{FB385E05-A37E-4E11-9BB3-0F67662BE124}.Release|Any CPU.ActiveCfg = Release|Any CPU
		{FB385E05-A37E-4E11-9BB3-0F67662BE124}.Release|Any CPU.Build.0 = Release|Any CPU
	EndGlobalSection
	GlobalSection(SolutionProperties) = preSolution
		HideSolutionNode = FALSE
	EndGlobalSection
	GlobalSection(ExtensibilityGlobals) = postSolution
		SolutionGuid = {0CDC7738-19BA-40C4-82C5-5DFA9361FB03}
	EndGlobalSection
EndGlobal
