
Microsoft Visual Studio Solution File, Format Version 12.00
# Visual Studio Version 16
VisualStudioVersion = 16.0.30523.141
MinimumVisualStudioVersion = 10.0.40219.1
Project("{FAE04EC0-301F-11D3-BF4B-00C04F79EFBC}") = "Test", "Test\Test.csproj", "{DC09BADA-8C1A-4B93-82BF-F6AB6E7DCB21}"
EndProject
Project("{FAE04EC0-301F-11D3-BF4B-00C04F79EFBC}") = "Entidades", "Entidades\Entidades.csproj", "{5DB75125-7269-44BF-B546-F7753B7F9CC9}"
EndProject
Global
	GlobalSection(SolutionConfigurationPlatforms) = preSolution
		Debug|Any CPU = Debug|Any CPU
		Release|Any CPU = Release|Any CPU
	EndGlobalSection
	GlobalSection(ProjectConfigurationPlatforms) = postSolution
		{DC09BADA-8C1A-4B93-82BF-F6AB6E7DCB21}.Debug|Any CPU.ActiveCfg = Debug|Any CPU
		{DC09BADA-8C1A-4B93-82BF-F6AB6E7DCB21}.Debug|Any CPU.Build.0 = Debug|Any CPU
		{DC09BADA-8C1A-4B93-82BF-F6AB6E7DCB21}.Release|Any CPU.ActiveCfg = Release|Any CPU
		{DC09BADA-8C1A-4B93-82BF-F6AB6E7DCB21}.Release|Any CPU.Build.0 = Release|Any CPU
		{5DB75125-7269-44BF-B546-F7753B7F9CC9}.Debug|Any CPU.ActiveCfg = Debug|Any CPU
		{5DB75125-7269-44BF-B546-F7753B7F9CC9}.Debug|Any CPU.Build.0 = Debug|Any CPU
		{5DB75125-7269-44BF-B546-F7753B7F9CC9}.Release|Any CPU.ActiveCfg = Release|Any CPU
		{5DB75125-7269-44BF-B546-F7753B7F9CC9}.Release|Any CPU.Build.0 = Release|Any CPU
	EndGlobalSection
	GlobalSection(SolutionProperties) = preSolution
		HideSolutionNode = FALSE
	EndGlobalSection
	GlobalSection(ExtensibilityGlobals) = postSolution
		SolutionGuid = {BD42AE9C-E290-4C46-BB1E-1480C0C007BD}
	EndGlobalSection
EndGlobal
